
Microsoft Visual Studio Solution File, Format Version 12.00
# Visual Studio Version 17
VisualStudioVersion = 17.14.37216.2 d17.14
MinimumVisualStudioVersion = 10.0.40219.1
Project("{8BC9CEB8-8B4A-11D0-8D11-00A0C91BC942}") = "Operators_40", "Operators_40.vcxproj", "{4FD9A979-3477-496F-BE40-755C5001F271}"
EndProject
Global
	GlobalSection(SolutionConfigurationPlatforms) = preSolution
		Debug|x64 = Debug|x64
		Debug|x86 = Debug|x86
		Release|x64 = Release|x64
		Release|x86 = Release|x86
	EndGlobalSection
	GlobalSection(ProjectConfigurationPlatforms) = postSolution
		{4FD9A979-3477-496F-BE40-755C5001F271}.Debug|x64.ActiveCfg = Debug|x64
		{4FD9A979-3477-496F-BE40-755C5001F271}.Debug|x64.Build.0 = Debug|x64
		{4FD9A979-3477-496F-BE40-755C5001F271}.Debug|x86.ActiveCfg = Debug|Win32
		{4FD9A979-3477-496F-BE40-755C5001F271}.Debug|x86.Build.0 = Debug|Win32
		{4FD9A979-3477-496F-BE40-755C5001F271}.Release|x64.ActiveCfg = Release|x64
		{4FD9A979-3477-496F-BE40-755C5001F271}.Release|x64.Build.0 = Release|x64
		{4FD9A979-3477-496F-BE40-755C5001F271}.Release|x86.ActiveCfg = Release|Win32
		{4FD9A979-3477-496F-BE40-755C5001F271}.Release|x86.Build.0 = Release|Win32
	EndGlobalSection
	GlobalSection(SolutionProperties) = preSolution
		HideSolutionNode = FALSE
	EndGlobalSection
	GlobalSection(ExtensibilityGlobals) = postSolution
		SolutionGuid = {64E496A0-4F1E-4BEB-AF5C-E0D8CCD1BC5A}
	EndGlobalSection
EndGlobal
